
Microsoft Visual Studio Solution File, Format Version 12.00
# Visual Studio Version 17
VisualStudioVersion = 17.0.31903.59
MinimumVisualStudioVersion = 10.0.40219.1
Project("{2150E333-8FDC-42A3-9474-1A3956D46DE8}") = "src", "src", "{2048FA70-7C7F-40D8-B76A-1C20DAE16221}"
EndProject
Project("{FAE04EC0-301F-11D3-BF4B-00C04F79EFBC}") = "Core", "src\Core\Core.csproj", "{C1AD8278-C3E7-42BD-99E3-8B79C0333E03}"
EndProject
Project("{FAE04EC0-301F-11D3-BF4B-00C04F79EFBC}") = "Application", "src\Application\Application.csproj", "{A43859F6-C55D-4F62-B5D9-700F5E2E4946}"
EndProject
Project("{FAE04EC0-301F-11D3-BF4B-00C04F79EFBC}") = "Persistence", "src\Persistence\Persistence.csproj", "{047BE4F6-B43E-4D8A-BAAD-FAF523504095}"
EndProject
Project("{FAE04EC0-301F-11D3-BF4B-00C04F79EFBC}") = "Integrations", "src\Integrations\Integrations.csproj", "{D0C37986-AAA4-4749-8228-0E0A9BEC6AFB}"
EndProject
Project("{FAE04EC0-301F-11D3-BF4B-00C04F79EFBC}") = "WebApi", "src\WebApi\WebApi.csproj", "{E8D0D725-669B-4FDB-AE96-861B37A9930D}"
EndProject
Global
	GlobalSection(SolutionConfigurationPlatforms) = preSolution
		Debug|Any CPU = Debug|Any CPU
		Release|Any CPU = Release|Any CPU
	EndGlobalSection
	GlobalSection(SolutionProperties) = preSolution
		HideSolutionNode = FALSE
	EndGlobalSection
	GlobalSection(ProjectConfigurationPlatforms) = postSolution
		{C1AD8278-C3E7-42BD-99E3-8B79C0333E03}.Debug|Any CPU.ActiveCfg = Debug|Any CPU
		{C1AD8278-C3E7-42BD-99E3-8B79C0333E03}.Debug|Any CPU.Build.0 = Debug|Any CPU
		{C1AD8278-C3E7-42BD-99E3-8B79C0333E03}.Release|Any CPU.ActiveCfg = Release|Any CPU
		{C1AD8278-C3E7-42BD-99E3-8B79C0333E03}.Release|Any CPU.Build.0 = Release|Any CPU
		{A43859F6-C55D-4F62-B5D9-700F5E2E4946}.Debug|Any CPU.ActiveCfg = Debug|Any CPU
		{A43859F6-C55D-4F62-B5D9-700F5E2E4946}.Debug|Any CPU.Build.0 = Debug|Any CPU
		{A43859F6-C55D-4F62-B5D9-700F5E2E4946}.Release|Any CPU.ActiveCfg = Release|Any CPU
		{A43859F6-C55D-4F62-B5D9-700F5E2E4946}.Release|Any CPU.Build.0 = Release|Any CPU
		{047BE4F6-B43E-4D8A-BAAD-FAF523504095}.Debug|Any CPU.ActiveCfg = Debug|Any CPU
		{047BE4F6-B43E-4D8A-BAAD-FAF523504095}.Debug|Any CPU.Build.0 = Debug|Any CPU
		{047BE4F6-B43E-4D8A-BAAD-FAF523504095}.Release|Any CPU.ActiveCfg = Release|Any CPU
		{047BE4F6-B43E-4D8A-BAAD-FAF523504095}.Release|Any CPU.Build.0 = Release|Any CPU
		{D0C37986-AAA4-4749-8228-0E0A9BEC6AFB}.Debug|Any CPU.ActiveCfg = Debug|Any CPU
		{D0C37986-AAA4-4749-8228-0E0A9BEC6AFB}.Debug|Any CPU.Build.0 = Debug|Any CPU
		{D0C37986-AAA4-4749-8228-0E0A9BEC6AFB}.Release|Any CPU.ActiveCfg = Release|Any CPU
		{D0C37986-AAA4-4749-8228-0E0A9BEC6AFB}.Release|Any CPU.Build.0 = Release|Any CPU
		{E8D0D725-669B-4FDB-AE96-861B37A9930D}.Debug|Any CPU.ActiveCfg = Debug|Any CPU
		{E8D0D725-669B-4FDB-AE96-861B37A9930D}.Debug|Any CPU.Build.0 = Debug|Any CPU
		{E8D0D725-669B-4FDB-AE96-861B37A9930D}.Release|Any CPU.ActiveCfg = Release|Any CPU
		{E8D0D725-669B-4FDB-AE96-861B37A9930D}.Release|Any CPU.Build.0 = Release|Any CPU
	EndGlobalSection
	GlobalSection(NestedProjects) = preSolution
		{C1AD8278-C3E7-42BD-99E3-8B79C0333E03} = {2048FA70-7C7F-40D8-B76A-1C20DAE16221}
		{A43859F6-C55D-4F62-B5D9-700F5E2E4946} = {2048FA70-7C7F-40D8-B76A-1C20DAE16221}
		{047BE4F6-B43E-4D8A-BAAD-FAF523504095} = {2048FA70-7C7F-40D8-B76A-1C20DAE16221}
		{D0C37986-AAA4-4749-8228-0E0A9BEC6AFB} = {2048FA70-7C7F-40D8-B76A-1C20DAE16221}
		{E8D0D725-669B-4FDB-AE96-861B37A9930D} = {2048FA70-7C7F-40D8-B76A-1C20DAE16221}
	EndGlobalSection
EndGlobal
