
Microsoft Visual Studio Solution File, Format Version 12.00
# Visual Studio Version 17
VisualStudioVersion = 17.0.31903.59
MinimumVisualStudioVersion = 10.0.40219.1
Project("{2150E333-8FDC-42A3-9474-1A3956D46DE8}") = "src", "src", "{2048FA70-7C7F-40D8-B76A-1C20DAE16221}"
EndProject
Project("{FAE04EC0-301F-11D3-BF4B-00C04F79EFBC}") = "Core", "src\Core\Core.csproj", "{C1AD8278-C3E7-42BD-99E3-8B79C0333E03}"
EndProject
Project("{FAE04EC0-301F-11D3-BF4B-00C04F79EFBC}") = "Application", "src\Application\Application.csproj", "{A43859F6-C55D-4F62-B5D9-700F5E2E4946}"
EndProject
Project("{FAE04EC0-301F-11D3-BF4B-00C04F79EFBC}") = "WebApi", "src\WebApi\WebApi.csproj", "{E8D0D725-669B-4FDB-AE96-861B37A9930D}"
EndProject
Project("{FAE04EC0-301F-11D3-BF4B-00C04F79EFBC}") = "Infrastructure", "src\Infrastructure\Infrastructure.csproj", "{1FEB129B-4F49-4D5B-BA6B-0CF5F73E76F7}"
EndProject
Project("{FAE04EC0-301F-11D3-BF4B-00C04F79EFBC}") = "Application.Tests", "src\Application.Tests\Application.Tests.csproj", "{42A5D70A-1EFB-4A51-BDB4-148D22837247}"
EndProject
Global
	GlobalSection(SolutionConfigurationPlatforms) = preSolution
		Debug|Any CPU = Debug|Any CPU
		Release|Any CPU = Release|Any CPU
	EndGlobalSection
	GlobalSection(SolutionProperties) = preSolution
		HideSolutionNode = FALSE
	EndGlobalSection
	GlobalSection(ProjectConfigurationPlatforms) = postSolution
		{C1AD8278-C3E7-42BD-99E3-8B79C0333E03}.Debug|Any CPU.ActiveCfg = Debug|Any CPU
		{C1AD8278-C3E7-42BD-99E3-8B79C0333E03}.Debug|Any CPU.Build.0 = Debug|Any CPU
		{C1AD8278-C3E7-42BD-99E3-8B79C0333E03}.Release|Any CPU.ActiveCfg = Release|Any CPU
		{C1AD8278-C3E7-42BD-99E3-8B79C0333E03}.Release|Any CPU.Build.0 = Release|Any CPU
		{A43859F6-C55D-4F62-B5D9-700F5E2E4946}.Debug|Any CPU.ActiveCfg = Debug|Any CPU
		{A43859F6-C55D-4F62-B5D9-700F5E2E4946}.Debug|Any CPU.Build.0 = Debug|Any CPU
		{A43859F6-C55D-4F62-B5D9-700F5E2E4946}.Release|Any CPU.ActiveCfg = Release|Any CPU
		{A43859F6-C55D-4F62-B5D9-700F5E2E4946}.Release|Any CPU.Build.0 = Release|Any CPU
		{E8D0D725-669B-4FDB-AE96-861B37A9930D}.Debug|Any CPU.ActiveCfg = Debug|Any CPU
		{E8D0D725-669B-4FDB-AE96-861B37A9930D}.Debug|Any CPU.Build.0 = Debug|Any CPU
		{E8D0D725-669B-4FDB-AE96-861B37A9930D}.Release|Any CPU.ActiveCfg = Release|Any CPU
		{E8D0D725-669B-4FDB-AE96-861B37A9930D}.Release|Any CPU.Build.0 = Release|Any CPU
		{1FEB129B-4F49-4D5B-BA6B-0CF5F73E76F7}.Debug|Any CPU.ActiveCfg = Debug|Any CPU
		{1FEB129B-4F49-4D5B-BA6B-0CF5F73E76F7}.Debug|Any CPU.Build.0 = Debug|Any CPU
		{1FEB129B-4F49-4D5B-BA6B-0CF5F73E76F7}.Release|Any CPU.ActiveCfg = Release|Any CPU
		{1FEB129B-4F49-4D5B-BA6B-0CF5F73E76F7}.Release|Any CPU.Build.0 = Release|Any CPU
		{42A5D70A-1EFB-4A51-BDB4-148D22837247}.Debug|Any CPU.ActiveCfg = Debug|Any CPU
		{42A5D70A-1EFB-4A51-BDB4-148D22837247}.Debug|Any CPU.Build.0 = Debug|Any CPU
		{42A5D70A-1EFB-4A51-BDB4-148D22837247}.Release|Any CPU.ActiveCfg = Release|Any CPU
		{42A5D70A-1EFB-4A51-BDB4-148D22837247}.Release|Any CPU.Build.0 = Release|Any CPU
	EndGlobalSection
	GlobalSection(NestedProjects) = preSolution
		{C1AD8278-C3E7-42BD-99E3-8B79C0333E03} = {2048FA70-7C7F-40D8-B76A-1C20DAE16221}
		{A43859F6-C55D-4F62-B5D9-700F5E2E4946} = {2048FA70-7C7F-40D8-B76A-1C20DAE16221}
		{E8D0D725-669B-4FDB-AE96-861B37A9930D} = {2048FA70-7C7F-40D8-B76A-1C20DAE16221}
		{1FEB129B-4F49-4D5B-BA6B-0CF5F73E76F7} = {2048FA70-7C7F-40D8-B76A-1C20DAE16221}
		{42A5D70A-1EFB-4A51-BDB4-148D22837247} = {2048FA70-7C7F-40D8-B76A-1C20DAE16221}
	EndGlobalSection
EndGlobal
